
Microsoft Visual Studio Solution File, Format Version 12.00
# Visual Studio Version 16
VisualStudioVersion = 16.0.31729.503
MinimumVisualStudioVersion = 10.0.40219.1
Project("{8BC9CEB8-8B4A-11D0-8D11-00A0C91BC942}") = "DoublyLinkedList", "DoublyLinkedList\DoublyLinkedList.vcxproj", "{884A433D-0159-4B72-B7A3-6473946ABBFB}"
EndProject
Global
	GlobalSection(SolutionConfigurationPlatforms) = preSolution
		Debug|x64 = Debug|x64
		Debug|x86 = Debug|x86
		Release|x64 = Release|x64
		Release|x86 = Release|x86
	EndGlobalSection
	GlobalSection(ProjectConfigurationPlatforms) = postSolution
		{884A433D-0159-4B72-B7A3-6473946ABBFB}.Debug|x64.ActiveCfg = Debug|x64
		{884A433D-0159-4B72-B7A3-6473946ABBFB}.Debug|x64.Build.0 = Debug|x64
		{884A433D-0159-4B72-B7A3-6473946ABBFB}.Debug|x86.ActiveCfg = Debug|Win32
		{884A433D-0159-4B72-B7A3-6473946ABBFB}.Debug|x86.Build.0 = Debug|Win32
		{884A433D-0159-4B72-B7A3-6473946ABBFB}.Release|x64.ActiveCfg = Release|x64
		{884A433D-0159-4B72-B7A3-6473946ABBFB}.Release|x64.Build.0 = Release|x64
		{884A433D-0159-4B72-B7A3-6473946ABBFB}.Release|x86.ActiveCfg = Release|Win32
		{884A433D-0159-4B72-B7A3-6473946ABBFB}.Release|x86.Build.0 = Release|Win32
	EndGlobalSection
	GlobalSection(SolutionProperties) = preSolution
		HideSolutionNode = FALSE
	EndGlobalSection
	GlobalSection(ExtensibilityGlobals) = postSolution
		SolutionGuid = {2888B437-7078-4F1B-8083-11A1D84C745B}
	EndGlobalSection
EndGlobal
